
Microsoft Visual Studio Solution File, Format Version 12.00
Project("{FAE04EC0-301F-11D3-BF4B-00C04F79EFBC}") = "EFCoreDatabaseFirst", "EFCoreDatabaseFirst\EFCoreDatabaseFirst.csproj", "{285F127E-0498-49AA-9D75-FAE56D9C5727}"
EndProject
Global
	GlobalSection(SolutionConfigurationPlatforms) = preSolution
		Debug|Any CPU = Debug|Any CPU
		Release|Any CPU = Release|Any CPU
	EndGlobalSection
	GlobalSection(ProjectConfigurationPlatforms) = postSolution
		{285F127E-0498-49AA-9D75-FAE56D9C5727}.Debug|Any CPU.ActiveCfg = Debug|Any CPU
		{285F127E-0498-49AA-9D75-FAE56D9C5727}.Debug|Any CPU.Build.0 = Debug|Any CPU
		{285F127E-0498-49AA-9D75-FAE56D9C5727}.Release|Any CPU.ActiveCfg = Release|Any CPU
		{285F127E-0498-49AA-9D75-FAE56D9C5727}.Release|Any CPU.Build.0 = Release|Any CPU
	EndGlobalSection
EndGlobal
